// !$*UTF8*$!
{
	archiveVersion = 1;
	classes = {
	};
	objectVersion = 77;
	objects = {

/* Begin PBXContainerItemProxy section */
		A1D393A52D4FBFE100E8463C /* PBXContainerItemProxy */ = {
			isa = PBXContainerItemProxy;
			containerPortal = A1D3938B2D4FBFDE00E8463C /* Project object */;
			proxyType = 1;
			remoteGlobalIDString = A1D393922D4FBFDE00E8463C;
			remoteInfo = PhoneMediaBackup;
		};
		A1D393AF2D4FBFE100E8463C /* PBXContainerItemProxy */ = {
			isa = PBXContainerItemProxy;
			containerPortal = A1D3938B2D4FBFDE00E8463C /* Project object */;
			proxyType = 1;
			remoteGlobalIDString = A1D393922D4FBFDE00E8463C;
			remoteInfo = PhoneMediaBackup;
		};
/* End PBXContainerItemProxy section */

/* Begin PBXFileReference section */
		A1D393932D4FBFDE00E8463C /* PhoneMediaBackup.app */ = {isa = PBXFileReference; explicitFileType = wrapper.application; includeInIndex = 0; path = PhoneMediaBackup.app; sourceTree = BUILT_PRODUCTS_DIR; };
		A1D393A42D4FBFE100E8463C /* PhoneMediaBackupTests.xctest */ = {isa = PBXFileReference; explicitFileType = wrapper.cfbundle; includeInIndex = 0; path = PhoneMediaBackupTests.xctest; sourceTree = BUILT_PRODUCTS_DIR; };
		A1D393AE2D4FBFE100E8463C /* PhoneMediaBackupUITests.xctest */ = {isa = PBXFileReference; explicitFileType = wrapper.cfbundle; includeInIndex = 0; path = PhoneMediaBackupUITests.xctest; sourceTree = BUILT_PRODUCTS_DIR; };
/* End PBXFileReference section */

/* Begin PBXFileSystemSynchronizedRootGroup section */
		A1D393952D4FBFDE00E8463C /* PhoneMediaBackup */ = {
			isa = PBXFileSystemSynchronizedRootGroup;
			path = PhoneMediaBackup;
			sourceTree = "<group>";
		};
		A1D393A72D4FBFE100E8463C /* PhoneMediaBackupTests */ = {
			isa = PBXFileSystemSynchronizedRootGroup;
			path = PhoneMediaBackupTests;
			sourceTree = "<group>";
		};
		A1D393B12D4FBFE100E8463C /* PhoneMediaBackupUITests */ = {
			isa = PBXFileSystemSynchronizedRootGroup;
			path = PhoneMediaBackupUITests;
			sourceTree = "<group>";
		};
/* End PBXFileSystemSynchronizedRootGroup section */

/* Begin PBXFrameworksBuildPhase section */
		A1D393902D4FBFDE00E8463C /* Frameworks */ = {
			isa = PBXFrameworksBuildPhase;
			buildActionMask = 2147483647;
			files = (
			);
			runOnlyForDeploymentPostprocessing = 0;
		};
		A1D393A12D4FBFE100E8463C /* Frameworks */ = {
			isa = PBXFrameworksBuildPhase;
			buildActionMask = 2147483647;
			files = (
			);
			runOnlyForDeploymentPostprocessing = 0;
		};
		A1D393AB2D4FBFE100E8463C /* Frameworks */ = {
			isa = PBXFrameworksBuildPhase;
			buildActionMask = 2147483647;
			files = (
			);
			runOnlyForDeploymentPostprocessing = 0;
		};
/* End PBXFrameworksBuildPhase section */

/* Begin PBXGroup section */
		A1D3938A2D4FBFDE00E8463C = {
			isa = PBXGroup;
			children = (
				A1D393952D4FBFDE00E8463C /* PhoneMediaBackup */,
				A1D393A72D4FBFE100E8463C /* PhoneMediaBackupTests */,
				A1D393B12D4FBFE100E8463C /* PhoneMediaBackupUITests */,
				A1D393942D4FBFDE00E8463C /* Products */,
			);
			sourceTree = "<group>";
		};
		A1D393942D4FBFDE00E8463C /* Products */ = {
			isa = PBXGroup;
			children = (
				A1D393932D4FBFDE00E8463C /* PhoneMediaBackup.app */,
				A1D393A42D4FBFE100E8463C /* PhoneMediaBackupTests.xctest */,
				A1D393AE2D4FBFE100E8463C /* PhoneMediaBackupUITests.xctest */,
			);
			name = Products;
			sourceTree = "<group>";
		};
/* End PBXGroup section */

/* Begin PBXNativeTarget section */
		A1D393922D4FBFDE00E8463C /* PhoneMediaBackup */ = {
			isa = PBXNativeTarget;
			buildConfigurationList = A1D393B82D4FBFE100E8463C /* Build configuration list for PBXNativeTarget "PhoneMediaBackup" */;
			buildPhases = (
				A1D3938F2D4FBFDE00E8463C /* Sources */,
				A1D393902D4FBFDE00E8463C /* Frameworks */,
				A1D393912D4FBFDE00E8463C /* Resources */,
			);
			buildRules = (
			);
			dependencies = (
			);
			fileSystemSynchronizedGroups = (
				A1D393952D4FBFDE00E8463C /* PhoneMediaBackup */,
			);
			name = PhoneMediaBackup;
			packageProductDependencies = (
			);
			productName = PhoneMediaBackup;
			productReference = A1D393932D4FBFDE00E8463C /* PhoneMediaBackup.app */;
			productType = "com.apple.product-type.application";
		};
		A1D393A32D4FBFE100E8463C /* PhoneMediaBackupTests */ = {
			isa = PBXNativeTarget;
			buildConfigurationList = A1D393BB2D4FBFE100E8463C /* Build configuration list for PBXNativeTarget "PhoneMediaBackupTests" */;
			buildPhases = (
				A1D393A02D4FBFE100E8463C /* Sources */,
				A1D393A12D4FBFE100E8463C /* Frameworks */,
				A1D393A22D4FBFE100E8463C /* Resources */,
			);
			buildRules = (
			);
			dependencies = (
				A1D393A62D4FBFE100E8463C /* PBXTargetDependency */,
			);
			fileSystemSynchronizedGroups = (
				A1D393A72D4FBFE100E8463C /* PhoneMediaBackupTests */,
			);
			name = PhoneMediaBackupTests;
			packageProductDependencies = (
			);
			productName = PhoneMediaBackupTests;
			productReference = A1D393A42D4FBFE100E8463C /* PhoneMediaBackupTests.xctest */;
			productType = "com.apple.product-type.bundle.unit-test";
		};
		A1D393AD2D4FBFE100E8463C /* PhoneMediaBackupUITests */ = {
			isa = PBXNativeTarget;
			buildConfigurationList = A1D393BE2D4FBFE100E8463C /* Build configuration list for PBXNativeTarget "PhoneMediaBackupUITests" */;
			buildPhases = (
				A1D393AA2D4FBFE100E8463C /* Sources */,
				A1D393AB2D4FBFE100E8463C /* Frameworks */,
				A1D393AC2D4FBFE100E8463C /* Resources */,
			);
			buildRules = (
			);
			dependencies = (
				A1D393B02D4FBFE100E8463C /* PBXTargetDependency */,
			);
			fileSystemSynchronizedGroups = (
				A1D393B12D4FBFE100E8463C /* PhoneMediaBackupUITests */,
			);
			name = PhoneMediaBackupUITests;
			packageProductDependencies = (
			);
			productName = PhoneMediaBackupUITests;
			productReference = A1D393AE2D4FBFE100E8463C /* PhoneMediaBackupUITests.xctest */;
			productType = "com.apple.product-type.bundle.ui-testing";
		};
/* End PBXNativeTarget section */

/* Begin PBXProject section */
		A1D3938B2D4FBFDE00E8463C /* Project object */ = {
			isa = PBXProject;
			attributes = {
				BuildIndependentTargetsInParallel = 1;
				LastSwiftUpdateCheck = 1620;
				LastUpgradeCheck = 1620;
				TargetAttributes = {
					A1D393922D4FBFDE00E8463C = {
						CreatedOnToolsVersion = 16.2;
					};
					A1D393A32D4FBFE100E8463C = {
						CreatedOnToolsVersion = 16.2;
						TestTargetID = A1D393922D4FBFDE00E8463C;
					};
					A1D393AD2D4FBFE100E8463C = {
						CreatedOnToolsVersion = 16.2;
						TestTargetID = A1D393922D4FBFDE00E8463C;
					};
				};
			};
			buildConfigurationList = A1D3938E2D4FBFDE00E8463C /* Build configuration list for PBXProject "PhoneMediaBackup" */;
			developmentRegion = en;
			hasScannedForEncodings = 0;
			knownRegions = (
				en,
				Base,
			);
			mainGroup = A1D3938A2D4FBFDE00E8463C;
			minimizedProjectReferenceProxies = 1;
			preferredProjectObjectVersion = 77;
			productRefGroup = A1D393942D4FBFDE00E8463C /* Products */;
			projectDirPath = "";
			projectRoot = "";
			targets = (
				A1D393922D4FBFDE00E8463C /* PhoneMediaBackup */,
				A1D393A32D4FBFE100E8463C /* PhoneMediaBackupTests */,
				A1D393AD2D4FBFE100E8463C /* PhoneMediaBackupUITests */,
			);
		};
/* End PBXProject section */

/* Begin PBXResourcesBuildPhase section */
		A1D393912D4FBFDE00E8463C /* Resources */ = {
			isa = PBXResourcesBuildPhase;
			buildActionMask = 2147483647;
			files = (
			);
			runOnlyForDeploymentPostprocessing = 0;
		};
		A1D393A22D4FBFE100E8463C /* Resources */ = {
			isa = PBXResourcesBuildPhase;
			buildActionMask = 2147483647;
			files = (
			);
			runOnlyForDeploymentPostprocessing = 0;
		};
		A1D393AC2D4FBFE100E8463C /* Resources */ = {
			isa = PBXResourcesBuildPhase;
			buildActionMask = 2147483647;
			files = (
			);
			runOnlyForDeploymentPostprocessing = 0;
		};
/* End PBXResourcesBuildPhase section */

/* Begin PBXSourcesBuildPhase section */
		A1D3938F2D4FBFDE00E8463C /* Sources */ = {
			isa = PBXSourcesBuildPhase;
			buildActionMask = 2147483647;
			files = (
			);
			runOnlyForDeploymentPostprocessing = 0;
		};
		A1D393A02D4FBFE100E8463C /* Sources */ = {
			isa = PBXSourcesBuildPhase;
			buildActionMask = 2147483647;
			files = (
			);
			runOnlyForDeploymentPostprocessing = 0;
		};
		A1D393AA2D4FBFE100E8463C /* Sources */ = {
			isa = PBXSourcesBuildPhase;
			buildActionMask = 2147483647;
			files = (
			);
			runOnlyForDeploymentPostprocessing = 0;
		};
/* End PBXSourcesBuildPhase section */

/* Begin PBXTargetDependency section */
		A1D393A62D4FBFE100E8463C /* PBXTargetDependency */ = {
			isa = PBXTargetDependency;
			target = A1D393922D4FBFDE00E8463C /* PhoneMediaBackup */;
			targetProxy = A1D393A52D4FBFE100E8463C /* PBXContainerItemProxy */;
		};
		A1D393B02D4FBFE100E8463C /* PBXTargetDependency */ = {
			isa = PBXTargetDependency;
			target = A1D393922D4FBFDE00E8463C /* PhoneMediaBackup */;
			targetProxy = A1D393AF2D4FBFE100E8463C /* PBXContainerItemProxy */;
		};
/* End PBXTargetDependency section */

/* Begin XCBuildConfiguration section */
		A1D393B62D4FBFE100E8463C /* Debug */ = {
			isa = XCBuildConfiguration;
			buildSettings = {
				ALWAYS_SEARCH_USER_PATHS = NO;
				ASSETCATALOG_COMPILER_GENERATE_SWIFT_ASSET_SYMBOL_EXTENSIONS = YES;
				CLANG_ANALYZER_NONNULL = YES;
				CLANG_ANALYZER_NUMBER_OBJECT_CONVERSION = YES_AGGRESSIVE;
				CLANG_CXX_LANGUAGE_STANDARD = "gnu++20";
				CLANG_ENABLE_MODULES = YES;
				CLANG_ENABLE_OBJC_ARC = YES;
				CLANG_ENABLE_OBJC_WEAK = YES;
				CLANG_WARN_BLOCK_CAPTURE_AUTORELEASING = YES;
				CLANG_WARN_BOOL_CONVERSION = YES;
				CLANG_WARN_COMMA = YES;
				CLANG_WARN_CONSTANT_CONVERSION = YES;
				CLANG_WARN_DEPRECATED_OBJC_IMPLEMENTATIONS = YES;
				CLANG_WARN_DIRECT_OBJC_ISA_USAGE = YES_ERROR;
				CLANG_WARN_DOCUMENTATION_COMMENTS = YES;
				CLANG_WARN_EMPTY_BODY = YES;
				CLANG_WARN_ENUM_CONVERSION = YES;
				CLANG_WARN_INFINITE_RECURSION = YES;
				CLANG_WARN_INT_CONVERSION = YES;
				CLANG_WARN_NON_LITERAL_NULL_CONVERSION = YES;
				CLANG_WARN_OBJC_IMPLICIT_RETAIN_SELF = YES;
				CLANG_WARN_OBJC_LITERAL_CONVERSION = YES;
				CLANG_WARN_OBJC_ROOT_CLASS = YES_ERROR;
				CLANG_WARN_QUOTED_INCLUDE_IN_FRAMEWORK_HEADER = YES;
				CLANG_WARN_RANGE_LOOP_ANALYSIS = YES;
				CLANG_WARN_STRICT_PROTOTYPES = YES;
				CLANG_WARN_SUSPICIOUS_MOVE = YES;
				CLANG_WARN_UNGUARDED_AVAILABILITY = YES_AGGRESSIVE;
				CLANG_WARN_UNREACHABLE_CODE = YES;
				CLANG_WARN__DUPLICATE_METHOD_MATCH = YES;
				COPY_PHASE_STRIP = NO;
				DEBUG_INFORMATION_FORMAT = dwarf;
				ENABLE_STRICT_OBJC_MSGSEND = YES;
				ENABLE_TESTABILITY = YES;
				ENABLE_USER_SCRIPT_SANDBOXING = YES;
				GCC_C_LANGUAGE_STANDARD = gnu17;
				GCC_DYNAMIC_NO_PIC = NO;
				GCC_NO_COMMON_BLOCKS = YES;
				GCC_OPTIMIZATION_LEVEL = 0;
				GCC_PREPROCESSOR_DEFINITIONS = (
					"DEBUG=1",
					"$(inherited)",
				);
				GCC_WARN_64_TO_32_BIT_CONVERSION = YES;
				GCC_WARN_ABOUT_RETURN_TYPE = YES_ERROR;
				GCC_WARN_UNDECLARED_SELECTOR = YES;
				GCC_WARN_UNINITIALIZED_AUTOS = YES_AGGRESSIVE;
				GCC_WARN_UNUSED_FUNCTION = YES;
				GCC_WARN_UNUSED_VARIABLE = YES;
				LOCALIZATION_PREFERS_STRING_CATALOGS = YES;
				MACOSX_DEPLOYMENT_TARGET = 15.2;
				MTL_ENABLE_DEBUG_INFO = INCLUDE_SOURCE;
				MTL_FAST_MATH = YES;
				ONLY_ACTIVE_ARCH = YES;
				SDKROOT = macosx;
				SWIFT_ACTIVE_COMPILATION_CONDITIONS = "DEBUG $(inherited)";
				SWIFT_OPTIMIZATION_LEVEL = "-Onone";
			};
			name = Debug;
		};
		A1D393B72D4FBFE100E8463C /* Release */ = {
			isa = XCBuildConfiguration;
			buildSettings = {
				ALWAYS_SEARCH_USER_PATHS = NO;
				ASSETCATALOG_COMPILER_GENERATE_SWIFT_ASSET_SYMBOL_EXTENSIONS = YES;
				CLANG_ANALYZER_NONNULL = YES;
				CLANG_ANALYZER_NUMBER_OBJECT_CONVERSION = YES_AGGRESSIVE;
				CLANG_CXX_LANGUAGE_STANDARD = "gnu++20";
				CLANG_ENABLE_MODULES = YES;
				CLANG_ENABLE_OBJC_ARC = YES;
				CLANG_ENABLE_OBJC_WEAK = YES;
				CLANG_WARN_BLOCK_CAPTURE_AUTORELEASING = YES;
				CLANG_WARN_BOOL_CONVERSION = YES;
				CLANG_WARN_COMMA = YES;
				CLANG_WARN_CONSTANT_CONVERSION = YES;
				CLANG_WARN_DEPRECATED_OBJC_IMPLEMENTATIONS = YES;
				CLANG_WARN_DIRECT_OBJC_ISA_USAGE = YES_ERROR;
				CLANG_WARN_DOCUMENTATION_COMMENTS = YES;
				CLANG_WARN_EMPTY_BODY = YES;
				CLANG_WARN_ENUM_CONVERSION = YES;
				CLANG_WARN_INFINITE_RECURSION = YES;
				CLANG_WARN_INT_CONVERSION = YES;
				CLANG_WARN_NON_LITERAL_NULL_CONVERSION = YES;
				CLANG_WARN_OBJC_IMPLICIT_RETAIN_SELF = YES;
				CLANG_WARN_OBJC_LITERAL_CONVERSION = YES;
				CLANG_WARN_OBJC_ROOT_CLASS = YES_ERROR;
				CLANG_WARN_QUOTED_INCLUDE_IN_FRAMEWORK_HEADER = YES;
				CLANG_WARN_RANGE_LOOP_ANALYSIS = YES;
				CLANG_WARN_STRICT_PROTOTYPES = YES;
				CLANG_WARN_SUSPICIOUS_MOVE = YES;
				CLANG_WARN_UNGUARDED_AVAILABILITY = YES_AGGRESSIVE;
				CLANG_WARN_UNREACHABLE_CODE = YES;
				CLANG_WARN__DUPLICATE_METHOD_MATCH = YES;
				COPY_PHASE_STRIP = NO;
				DEBUG_INFORMATION_FORMAT = "dwarf-with-dsym";
				ENABLE_NS_ASSERTIONS = NO;
				ENABLE_STRICT_OBJC_MSGSEND = YES;
				ENABLE_USER_SCRIPT_SANDBOXING = YES;
				GCC_C_LANGUAGE_STANDARD = gnu17;
				GCC_NO_COMMON_BLOCKS = YES;
				GCC_WARN_64_TO_32_BIT_CONVERSION = YES;
				GCC_WARN_ABOUT_RETURN_TYPE = YES_ERROR;
				GCC_WARN_UNDECLARED_SELECTOR = YES;
				GCC_WARN_UNINITIALIZED_AUTOS = YES_AGGRESSIVE;
				GCC_WARN_UNUSED_FUNCTION = YES;
				GCC_WARN_UNUSED_VARIABLE = YES;
				LOCALIZATION_PREFERS_STRING_CATALOGS = YES;
				MACOSX_DEPLOYMENT_TARGET = 15.2;
				MTL_ENABLE_DEBUG_INFO = NO;
				MTL_FAST_MATH = YES;
				SDKROOT = macosx;
				SWIFT_COMPILATION_MODE = wholemodule;
			};
			name = Release;
		};
		A1D393B92D4FBFE100E8463C /* Debug */ = {
			isa = XCBuildConfiguration;
			buildSettings = {
				ASSETCATALOG_COMPILER_APPICON_NAME = AppIcon;
				ASSETCATALOG_COMPILER_GLOBAL_ACCENT_COLOR_NAME = AccentColor;
				CODE_SIGN_ENTITLEMENTS = PhoneMediaBackup/PhoneMediaBackup.entitlements;
				CODE_SIGN_STYLE = Automatic;
				COMBINE_HIDPI_IMAGES = YES;
				CURRENT_PROJECT_VERSION = 1;
				DEVELOPMENT_ASSET_PATHS = "\"PhoneMediaBackup/Preview Content\"";
				DEVELOPMENT_TEAM = Y8W5W6XB6H;
				ENABLE_HARDENED_RUNTIME = YES;
				ENABLE_PREVIEWS = YES;
				GENERATE_INFOPLIST_FILE = YES;
				INFOPLIST_KEY_NSHumanReadableCopyright = "";
				LD_RUNPATH_SEARCH_PATHS = (
					"$(inherited)",
					"@executable_path/../Frameworks",
				);
				MARKETING_VERSION = 1.0;
				PRODUCT_BUNDLE_IDENTIFIER = personal.PhoneMediaBackup;
				PRODUCT_NAME = "$(TARGET_NAME)";
				SWIFT_EMIT_LOC_STRINGS = YES;
				SWIFT_VERSION = 5.0;
			};
			name = Debug;
		};
		A1D393BA2D4FBFE100E8463C /* Release */ = {
			isa = XCBuildConfiguration;
			buildSettings = {
				ASSETCATALOG_COMPILER_APPICON_NAME = AppIcon;
				ASSETCATALOG_COMPILER_GLOBAL_ACCENT_COLOR_NAME = AccentColor;
				CODE_SIGN_ENTITLEMENTS = PhoneMediaBackup/PhoneMediaBackup.entitlements;
				CODE_SIGN_STYLE = Automatic;
				COMBINE_HIDPI_IMAGES = YES;
				CURRENT_PROJECT_VERSION = 1;
				DEVELOPMENT_ASSET_PATHS = "\"PhoneMediaBackup/Preview Content\"";
				DEVELOPMENT_TEAM = Y8W5W6XB6H;
				ENABLE_HARDENED_RUNTIME = YES;
				ENABLE_PREVIEWS = YES;
				GENERATE_INFOPLIST_FILE = YES;
				INFOPLIST_KEY_NSHumanReadableCopyright = "";
				LD_RUNPATH_SEARCH_PATHS = (
					"$(inherited)",
					"@executable_path/../Frameworks",
				);
				MARKETING_VERSION = 1.0;
				PRODUCT_BUNDLE_IDENTIFIER = personal.PhoneMediaBackup;
				PRODUCT_NAME = "$(TARGET_NAME)";
				SWIFT_EMIT_LOC_STRINGS = YES;
				SWIFT_VERSION = 5.0;
			};
			name = Release;
		};
		A1D393BC2D4FBFE100E8463C /* Debug */ = {
			isa = XCBuildConfiguration;
			buildSettings = {
				BUNDLE_LOADER = "$(TEST_HOST)";
				CODE_SIGN_STYLE = Automatic;
				CURRENT_PROJECT_VERSION = 1;
				DEVELOPMENT_TEAM = Y8W5W6XB6H;
				GENERATE_INFOPLIST_FILE = YES;
				MACOSX_DEPLOYMENT_TARGET = 15.2;
				MARKETING_VERSION = 1.0;
				PRODUCT_BUNDLE_IDENTIFIER = personal.PhoneMediaBackupTests;
				PRODUCT_NAME = "$(TARGET_NAME)";
				SWIFT_EMIT_LOC_STRINGS = NO;
				SWIFT_VERSION = 5.0;
				TEST_HOST = "$(BUILT_PRODUCTS_DIR)/PhoneMediaBackup.app/$(BUNDLE_EXECUTABLE_FOLDER_PATH)/PhoneMediaBackup";
			};
			name = Debug;
		};
		A1D393BD2D4FBFE100E8463C /* Release */ = {
			isa = XCBuildConfiguration;
			buildSettings = {
				BUNDLE_LOADER = "$(TEST_HOST)";
				CODE_SIGN_STYLE = Automatic;
				CURRENT_PROJECT_VERSION = 1;
				DEVELOPMENT_TEAM = Y8W5W6XB6H;
				GENERATE_INFOPLIST_FILE = YES;
				MACOSX_DEPLOYMENT_TARGET = 15.2;
				MARKETING_VERSION = 1.0;
				PRODUCT_BUNDLE_IDENTIFIER = personal.PhoneMediaBackupTests;
				PRODUCT_NAME = "$(TARGET_NAME)";
				SWIFT_EMIT_LOC_STRINGS = NO;
				SWIFT_VERSION = 5.0;
				TEST_HOST = "$(BUILT_PRODUCTS_DIR)/PhoneMediaBackup.app/$(BUNDLE_EXECUTABLE_FOLDER_PATH)/PhoneMediaBackup";
			};
			name = Release;
		};
		A1D393BF2D4FBFE100E8463C /* Debug */ = {
			isa = XCBuildConfiguration;
			buildSettings = {
				CODE_SIGN_STYLE = Automatic;
				CURRENT_PROJECT_VERSION = 1;
				DEVELOPMENT_TEAM = Y8W5W6XB6H;
				GENERATE_INFOPLIST_FILE = YES;
				MARKETING_VERSION = 1.0;
				PRODUCT_BUNDLE_IDENTIFIER = personal.PhoneMediaBackupUITests;
				PRODUCT_NAME = "$(TARGET_NAME)";
				SWIFT_EMIT_LOC_STRINGS = NO;
				SWIFT_VERSION = 5.0;
				TEST_TARGET_NAME = PhoneMediaBackup;
			};
			name = Debug;
		};
		A1D393C02D4FBFE100E8463C /* Release */ = {
			isa = XCBuildConfiguration;
			buildSettings = {
				CODE_SIGN_STYLE = Automatic;
				CURRENT_PROJECT_VERSION = 1;
				DEVELOPMENT_TEAM = Y8W5W6XB6H;
				GENERATE_INFOPLIST_FILE = YES;
				MARKETING_VERSION = 1.0;
				PRODUCT_BUNDLE_IDENTIFIER = personal.PhoneMediaBackupUITests;
				PRODUCT_NAME = "$(TARGET_NAME)";
				SWIFT_EMIT_LOC_STRINGS = NO;
				SWIFT_VERSION = 5.0;
				TEST_TARGET_NAME = PhoneMediaBackup;
			};
			name = Release;
		};
/* End XCBuildConfiguration section */

/* Begin XCConfigurationList section */
		A1D3938E2D4FBFDE00E8463C /* Build configuration list for PBXProject "PhoneMediaBackup" */ = {
			isa = XCConfigurationList;
			buildConfigurations = (
				A1D393B62D4FBFE100E8463C /* Debug */,
				A1D393B72D4FBFE100E8463C /* Release */,
			);
			defaultConfigurationIsVisible = 0;
			defaultConfigurationName = Release;
		};
		A1D393B82D4FBFE100E8463C /* Build configuration list for PBXNativeTarget "PhoneMediaBackup" */ = {
			isa = XCConfigurationList;
			buildConfigurations = (
				A1D393B92D4FBFE100E8463C /* Debug */,
				A1D393BA2D4FBFE100E8463C /* Release */,
			);
			defaultConfigurationIsVisible = 0;
			defaultConfigurationName = Release;
		};
		A1D393BB2D4FBFE100E8463C /* Build configuration list for PBXNativeTarget "PhoneMediaBackupTests" */ = {
			isa = XCConfigurationList;
			buildConfigurations = (
				A1D393BC2D4FBFE100E8463C /* Debug */,
				A1D393BD2D4FBFE100E8463C /* Release */,
			);
			defaultConfigurationIsVisible = 0;
			defaultConfigurationName = Release;
		};
		A1D393BE2D4FBFE100E8463C /* Build configuration list for PBXNativeTarget "PhoneMediaBackupUITests" */ = {
			isa = XCConfigurationList;
			buildConfigurations = (
				A1D393BF2D4FBFE100E8463C /* Debug */,
				A1D393C02D4FBFE100E8463C /* Release */,
			);
			defaultConfigurationIsVisible = 0;
			defaultConfigurationName = Release;
		};
/* End XCConfigurationList section */
	};
	rootObject = A1D3938B2D4FBFDE00E8463C /* Project object */;
}
